PODS:
  - Alamofire (5.8.1)
  - RevenueCat (4.37.0)

DEPENDENCIES:
  - Alamofire
  - RevenueCat

SPEC REPOS:
  trunk:
    - Alamofire
    - RevenueCat

SPEC CHECKSUMS:
  Alamofire: 3ca42e259043ee0dc5c0cdd76c4bc568b8e42af7
  RevenueCat: b4fb058d7ced6a37327f6bc9636752dbc4a7235b

PODFILE CHECKSUM: b9c3932832d38367f2c45971be6a9c722490e04c

COCOAPODS: 1.11.3
