PODS:
  - Alamofire (5.9.0)
  - HorizonCalendar (2.0.0)
  - RevenueCat (4.39.0)

DEPENDENCIES:
  - Alamofire
  - HorizonCalendar
  - RevenueCat

SPEC REPOS:
  trunk:
    - Alamofire
    - HorizonCalendar
    - RevenueCat

SPEC CHECKSUMS:
  Alamofire: 02b772c9910e8eba1a079227c32fbd9e46c90a24
  HorizonCalendar: 21e600058a8f4d407c79ef7848beda692c53a484
  RevenueCat: b552a07693b061ff7ea42c8c224f0613755aafe1

PODFILE CHECKSUM: b9336e80212b23db1ebced56cf591931a585596f

COCOAPODS: 1.15.2
