// !$*UTF8*$!
{
	archiveVersion = 1;
	classes = {
	};
	objectVersion = 56;
	objects = {

/* Begin PBXBuildFile section */
		CE5F95E2F4DBFAA86C972FBF /* Pods_DreamsApp.framework in Frameworks */ = {isa = PBXBuildFile; fileRef = 368D50D528EE1CDB345C296E /* Pods_DreamsApp.framework */; };
		D51AC8842B8DEC1600F6D3FB /* ChatListView.swift in Sources */ = {isa = PBXBuildFile; fileRef = D51AC8832B8DEC1600F6D3FB /* ChatListView.swift */; };
		D51AC8862B8DECA500F6D3FB /* MessageView.swift in Sources */ = {isa = PBXBuildFile; fileRef = D51AC8852B8DECA500F6D3FB /* MessageView.swift */; };
		D51AC8882B8DECFB00F6D3FB /* BottomView.swift in Sources */ = {isa = PBXBuildFile; fileRef = D51AC8872B8DECFB00F6D3FB /* BottomView.swift */; };
		D51AC88A2B8DED2700F6D3FB /* ChatNotStartedView.swift in Sources */ = {isa = PBXBuildFile; fileRef = D51AC8892B8DED2700F6D3FB /* ChatNotStartedView.swift */; };
		D51AC88C2B8F222000F6D3FB /* GoogleService-Info.plist in Resources */ = {isa = PBXBuildFile; fileRef = D51AC88B2B8F222000F6D3FB /* GoogleService-Info.plist */; };
		D53ED0782B9CAB6100334348 /* LoginView.swift in Sources */ = {isa = PBXBuildFile; fileRef = D53ED0772B9CAB6100334348 /* LoginView.swift */; };
		D53ED07A2B9CAD3C00334348 /* LoginVM.swift in Sources */ = {isa = PBXBuildFile; fileRef = D53ED0792B9CAD3C00334348 /* LoginVM.swift */; };
		D56CCE962BA85FBA00889AEA /* SessionManager.swift in Sources */ = {isa = PBXBuildFile; fileRef = D56CCE952BA85FBA00889AEA /* SessionManager.swift */; };
		D594B0A02B87E62E00C11067 /* DreamsAppApp.swift in Sources */ = {isa = PBXBuildFile; fileRef = D594B09F2B87E62E00C11067 /* DreamsAppApp.swift */; };
		D594B0A22B87E62E00C11067 /* ContentView.swift in Sources */ = {isa = PBXBuildFile; fileRef = D594B0A12B87E62E00C11067 /* ContentView.swift */; };
		D594B0A42B87E62E00C11067 /* Assets.xcassets in Resources */ = {isa = PBXBuildFile; fileRef = D594B0A32B87E62E00C11067 /* Assets.xcassets */; };
		D594B0A72B87E62E00C11067 /* Preview Assets.xcassets in Resources */ = {isa = PBXBuildFile; fileRef = D594B0A62B87E62E00C11067 /* Preview Assets.xcassets */; };
		D594B1082B87EDDD00C11067 /* ResponseModel.swift in Sources */ = {isa = PBXBuildFile; fileRef = D594B0AE2B87EDDD00C11067 /* ResponseModel.swift */; };
		D594B10A2B87EDDD00C11067 /* ChatModel.swift in Sources */ = {isa = PBXBuildFile; fileRef = D594B0B02B87EDDD00C11067 /* ChatModel.swift */; };
		D594B10F2B87EDDD00C11067 /* ContentMessageView.swift in Sources */ = {isa = PBXBuildFile; fileRef = D594B0B82B87EDDD00C11067 /* ContentMessageView.swift */; };
		D594B1122B87EDDD00C11067 /* StartChatView.swift in Sources */ = {isa = PBXBuildFile; fileRef = D594B0BB2B87EDDD00C11067 /* StartChatView.swift */; };
		D594B1132B87EDDD00C11067 /* ChatView.swift in Sources */ = {isa = PBXBuildFile; fileRef = D594B0BC2B87EDDD00C11067 /* ChatView.swift */; };
		D594B1152B87EDDD00C11067 /* SplashView.swift in Sources */ = {isa = PBXBuildFile; fileRef = D594B0BF2B87EDDD00C11067 /* SplashView.swift */; };
		D594B1182B87EDDD00C11067 /* HomeView.swift in Sources */ = {isa = PBXBuildFile; fileRef = D594B0C22B87EDDD00C11067 /* HomeView.swift */; };
		D594B11B2B87EDDD00C11067 /* ProfileView.swift in Sources */ = {isa = PBXBuildFile; fileRef = D594B0C72B87EDDD00C11067 /* ProfileView.swift */; };
		D594B11C2B87EDDD00C11067 /* SharedWebView.swift in Sources */ = {isa = PBXBuildFile; fileRef = D594B0C82B87EDDD00C11067 /* SharedWebView.swift */; };
		D594B11D2B87EDDD00C11067 /* WebView.swift in Sources */ = {isa = PBXBuildFile; fileRef = D594B0C92B87EDDD00C11067 /* WebView.swift */; };
		D594B11E2B87EDDD00C11067 /* ChatHistoryCard.swift in Sources */ = {isa = PBXBuildFile; fileRef = D594B0CB2B87EDDD00C11067 /* ChatHistoryCard.swift */; };
		D594B11F2B87EDDD00C11067 /* ChatHistoryView.swift in Sources */ = {isa = PBXBuildFile; fileRef = D594B0CC2B87EDDD00C11067 /* ChatHistoryView.swift */; };
		D594B1202B87EDDD00C11067 /* PaywallView.swift in Sources */ = {isa = PBXBuildFile; fileRef = D594B0CE2B87EDDD00C11067 /* PaywallView.swift */; };
		D594B1232B87EDDD00C11067 /* OpenAIService.swift in Sources */ = {isa = PBXBuildFile; fileRef = D594B0D32B87EDDD00C11067 /* OpenAIService.swift */; };
		D594B1242B87EDDD00C11067 /* BaseActions.swift in Sources */ = {isa = PBXBuildFile; fileRef = D594B0D52B87EDDD00C11067 /* BaseActions.swift */; };
		D594B1252B87EDDD00C11067 /* APIServiceEndpoint.swift in Sources */ = {isa = PBXBuildFile; fileRef = D594B0D62B87EDDD00C11067 /* APIServiceEndpoint.swift */; };
		D594B1272B87EDDD00C11067 /* BaseService.swift in Sources */ = {isa = PBXBuildFile; fileRef = D594B0D82B87EDDD00C11067 /* BaseService.swift */; };
		D594B12A2B87EDDD00C11067 /* Utilities.swift in Sources */ = {isa = PBXBuildFile; fileRef = D594B0DC2B87EDDD00C11067 /* Utilities.swift */; };
		D594B12B2B87EDDD00C11067 /* Enums.swift in Sources */ = {isa = PBXBuildFile; fileRef = D594B0DE2B87EDDD00C11067 /* Enums.swift */; };
		D594B12C2B87EDDD00C11067 /* UnderlinedTextField.swift in Sources */ = {isa = PBXBuildFile; fileRef = D594B0E02B87EDDD00C11067 /* UnderlinedTextField.swift */; };
		D594B12D2B87EDDD00C11067 /* ColorExtension.swift in Sources */ = {isa = PBXBuildFile; fileRef = D594B0E12B87EDDD00C11067 /* ColorExtension.swift */; };
		D594B12E2B87EDDD00C11067 /* UserDefaults.swift in Sources */ = {isa = PBXBuildFile; fileRef = D594B0E22B87EDDD00C11067 /* UserDefaults.swift */; };
		D594B1332B87EDDD00C11067 /* PopupView.swift in Sources */ = {isa = PBXBuildFile; fileRef = D594B0E82B87EDDD00C11067 /* PopupView.swift */; };
		D594B1342B87EDDD00C11067 /* CustomBackButton.swift in Sources */ = {isa = PBXBuildFile; fileRef = D594B0E92B87EDDD00C11067 /* CustomBackButton.swift */; };
		D594B1352B87EDDD00C11067 /* DividerWithLabel.swift in Sources */ = {isa = PBXBuildFile; fileRef = D594B0EA2B87EDDD00C11067 /* DividerWithLabel.swift */; };
		D594B1362B87EDDD00C11067 /* LoadingView.swift in Sources */ = {isa = PBXBuildFile; fileRef = D594B0EB2B87EDDD00C11067 /* LoadingView.swift */; };
		D594B1372B87EDDD00C11067 /* UserViewModel.swift in Sources */ = {isa = PBXBuildFile; fileRef = D594B0ED2B87EDDD00C11067 /* UserViewModel.swift */; };
		D594B1392B87EDDD00C11067 /* ChatVM.swift in Sources */ = {isa = PBXBuildFile; fileRef = D594B0EF2B87EDDD00C11067 /* ChatVM.swift */; };
		D594B13E2B87EDDD00C11067 /* ProfileVM.swift in Sources */ = {isa = PBXBuildFile; fileRef = D594B0F42B87EDDD00C11067 /* ProfileVM.swift */; };
		D594B13F2B87EDDD00C11067 /* Urbanist-Bold.ttf in Resources */ = {isa = PBXBuildFile; fileRef = D594B0F62B87EDDD00C11067 /* Urbanist-Bold.ttf */; };
		D594B1402B87EDDD00C11067 /* Urbanist-Regular.ttf in Resources */ = {isa = PBXBuildFile; fileRef = D594B0F72B87EDDD00C11067 /* Urbanist-Regular.ttf */; };
		D594B1412B87EDDD00C11067 /* Urbanist-LightItalic.ttf in Resources */ = {isa = PBXBuildFile; fileRef = D594B0F82B87EDDD00C11067 /* Urbanist-LightItalic.ttf */; };
		D594B1422B87EDDD00C11067 /* Urbanist-ExtraLightItalic.ttf in Resources */ = {isa = PBXBuildFile; fileRef = D594B0F92B87EDDD00C11067 /* Urbanist-ExtraLightItalic.ttf */; };
		D594B1432B87EDDD00C11067 /* Urbanist-ExtraBoldItalic.ttf in Resources */ = {isa = PBXBuildFile; fileRef = D594B0FA2B87EDDD00C11067 /* Urbanist-ExtraBoldItalic.ttf */; };
		D594B1442B87EDDD00C11067 /* Urbanist-Thin.ttf in Resources */ = {isa = PBXBuildFile; fileRef = D594B0FB2B87EDDD00C11067 /* Urbanist-Thin.ttf */; };
		D594B1452B87EDDD00C11067 /* Urbanist-MediumItalic.ttf in Resources */ = {isa = PBXBuildFile; fileRef = D594B0FC2B87EDDD00C11067 /* Urbanist-MediumItalic.ttf */; };
		D594B1462B87EDDD00C11067 /* Urbanist-SemiBold.ttf in Resources */ = {isa = PBXBuildFile; fileRef = D594B0FD2B87EDDD00C11067 /* Urbanist-SemiBold.ttf */; };
		D594B1472B87EDDD00C11067 /* Urbanist-Italic.ttf in Resources */ = {isa = PBXBuildFile; fileRef = D594B0FE2B87EDDD00C11067 /* Urbanist-Italic.ttf */; };
		D594B1482B87EDDD00C11067 /* Urbanist-Black.ttf in Resources */ = {isa = PBXBuildFile; fileRef = D594B0FF2B87EDDD00C11067 /* Urbanist-Black.ttf */; };
		D594B1492B87EDDD00C11067 /* Urbanist-BlackItalic.ttf in Resources */ = {isa = PBXBuildFile; fileRef = D594B1002B87EDDD00C11067 /* Urbanist-BlackItalic.ttf */; };
		D594B14A2B87EDDD00C11067 /* Urbanist-Light.ttf in Resources */ = {isa = PBXBuildFile; fileRef = D594B1012B87EDDD00C11067 /* Urbanist-Light.ttf */; };
		D594B14B2B87EDDD00C11067 /* Urbanist-SemiBoldItalic.ttf in Resources */ = {isa = PBXBuildFile; fileRef = D594B1022B87EDDD00C11067 /* Urbanist-SemiBoldItalic.ttf */; };
		D594B14C2B87EDDD00C11067 /* Urbanist-BoldItalic.ttf in Resources */ = {isa = PBXBuildFile; fileRef = D594B1032B87EDDD00C11067 /* Urbanist-BoldItalic.ttf */; };
		D594B14D2B87EDDD00C11067 /* Urbanist-ExtraBold.ttf in Resources */ = {isa = PBXBuildFile; fileRef = D594B1042B87EDDD00C11067 /* Urbanist-ExtraBold.ttf */; };
		D594B14E2B87EDDD00C11067 /* Urbanist-Medium.ttf in Resources */ = {isa = PBXBuildFile; fileRef = D594B1052B87EDDD00C11067 /* Urbanist-Medium.ttf */; };
		D594B14F2B87EDDD00C11067 /* Urbanist-ExtraLight.ttf in Resources */ = {isa = PBXBuildFile; fileRef = D594B1062B87EDDD00C11067 /* Urbanist-ExtraLight.ttf */; };
		D594B1502B87EDDD00C11067 /* Urbanist-ThinItalic.ttf in Resources */ = {isa = PBXBuildFile; fileRef = D594B1072B87EDDD00C11067 /* Urbanist-ThinItalic.ttf */; };
		D594B1532B87F1DA00C11067 /* CalendarWidget.swift in Sources */ = {isa = PBXBuildFile; fileRef = D594B1522B87F1DA00C11067 /* CalendarWidget.swift */; };
		D594B1552B87F3B100C11067 /* HorizonCalendarWrapper.swift in Sources */ = {isa = PBXBuildFile; fileRef = D594B1542B87F3B100C11067 /* HorizonCalendarWrapper.swift */; };
		D5AD63222BB1BF09002ECFD0 /* DreamInterpreterView.swift in Sources */ = {isa = PBXBuildFile; fileRef = D5AD63212BB1BF08002ECFD0 /* DreamInterpreterView.swift */; };
		D5AD633B2BB23933002ECFD0 /* OpenAIKit in Frameworks */ = {isa = PBXBuildFile; productRef = D5AD633A2BB23933002ECFD0 /* OpenAIKit */; };
		D5ED9E332B9FB0C40085AC9A /* ChatHistoryVM.swift in Sources */ = {isa = PBXBuildFile; fileRef = D5ED9E322B9FB0C40085AC9A /* ChatHistoryVM.swift */; };
/* End PBXBuildFile section */

/* Begin PBXFileReference section */
		0EE135FF85E432D3495B955B /* Pods-DreamsApp.release.xcconfig */ = {isa = PBXFileReference; includeInIndex = 1; lastKnownFileType = text.xcconfig; name = "Pods-DreamsApp.release.xcconfig"; path = "Target Support Files/Pods-DreamsApp/Pods-DreamsApp.release.xcconfig"; sourceTree = "<group>"; };
		368D50D528EE1CDB345C296E /* Pods_DreamsApp.framework */ = {isa = PBXFileReference; explicitFileType = wrapper.framework; includeInIndex = 0; path = Pods_DreamsApp.framework; sourceTree = BUILT_PRODUCTS_DIR; };
		833B9185A7EBFD7C3A28DF5F /* Pods-DreamsApp.debug.xcconfig */ = {isa = PBXFileReference; includeInIndex = 1; lastKnownFileType = text.xcconfig; name = "Pods-DreamsApp.debug.xcconfig"; path = "Target Support Files/Pods-DreamsApp/Pods-DreamsApp.debug.xcconfig"; sourceTree = "<group>"; };
		D51AC8832B8DEC1600F6D3FB /* ChatListView.swift */ = {isa = PBXFileReference; lastKnownFileType = sourcecode.swift; path = ChatListView.swift; sourceTree = "<group>"; };
		D51AC8852B8DECA500F6D3FB /* MessageView.swift */ = {isa = PBXFileReference; lastKnownFileType = sourcecode.swift; path = MessageView.swift; sourceTree = "<group>"; };
		D51AC8872B8DECFB00F6D3FB /* BottomView.swift */ = {isa = PBXFileReference; lastKnownFileType = sourcecode.swift; path = BottomView.swift; sourceTree = "<group>"; };
		D51AC8892B8DED2700F6D3FB /* ChatNotStartedView.swift */ = {isa = PBXFileReference; lastKnownFileType = sourcecode.swift; path = ChatNotStartedView.swift; sourceTree = "<group>"; };
		D51AC88B2B8F222000F6D3FB /* GoogleService-Info.plist */ = {isa = PBXFileReference; fileEncoding = 4; lastKnownFileType = text.plist.xml; path = "GoogleService-Info.plist"; sourceTree = "<group>"; };
		D53ED0762B9CAA9900334348 /* DreamsApp.entitlements */ = {isa = PBXFileReference; lastKnownFileType = text.plist.entitlements; path = DreamsApp.entitlements; sourceTree = "<group>"; };
		D53ED0772B9CAB6100334348 /* LoginView.swift */ = {isa = PBXFileReference; lastKnownFileType = sourcecode.swift; path = LoginView.swift; sourceTree = "<group>"; };
		D53ED0792B9CAD3C00334348 /* LoginVM.swift */ = {isa = PBXFileReference; lastKnownFileType = sourcecode.swift; path = LoginVM.swift; sourceTree = "<group>"; };
		D56CCE952BA85FBA00889AEA /* SessionManager.swift */ = {isa = PBXFileReference; lastKnownFileType = sourcecode.swift; path = SessionManager.swift; sourceTree = "<group>"; };
		D594B09C2B87E62E00C11067 /* DreamsApp.app */ = {isa = PBXFileReference; explicitFileType = wrapper.application; includeInIndex = 0; path = DreamsApp.app; sourceTree = BUILT_PRODUCTS_DIR; };
		D594B09F2B87E62E00C11067 /* DreamsAppApp.swift */ = {isa = PBXFileReference; lastKnownFileType = sourcecode.swift; path = DreamsAppApp.swift; sourceTree = "<group>"; };
		D594B0A12B87E62E00C11067 /* ContentView.swift */ = {isa = PBXFileReference; lastKnownFileType = sourcecode.swift; path = ContentView.swift; sourceTree = "<group>"; };
		D594B0A32B87E62E00C11067 /* Assets.xcassets */ = {isa = PBXFileReference; lastKnownFileType = folder.assetcatalog; path = Assets.xcassets; sourceTree = "<group>"; };
		D594B0A62B87E62E00C11067 /* Preview Assets.xcassets */ = {isa = PBXFileReference; lastKnownFileType = folder.assetcatalog; path = "Preview Assets.xcassets"; sourceTree = "<group>"; };
		D594B0AE2B87EDDD00C11067 /* ResponseModel.swift */ = {isa = PBXFileReference; fileEncoding = 4; lastKnownFileType = sourcecode.swift; path = ResponseModel.swift; sourceTree = "<group>"; };
		D594B0B02B87EDDD00C11067 /* ChatModel.swift */ = {isa = PBXFileReference; fileEncoding = 4; lastKnownFileType = sourcecode.swift; path = ChatModel.swift; sourceTree = "<group>"; };
		D594B0B82B87EDDD00C11067 /* ContentMessageView.swift */ = {isa = PBXFileReference; fileEncoding = 4; lastKnownFileType = sourcecode.swift; path = ContentMessageView.swift; sourceTree = "<group>"; };
		D594B0BB2B87EDDD00C11067 /* StartChatView.swift */ = {isa = PBXFileReference; fileEncoding = 4; lastKnownFileType = sourcecode.swift; path = StartChatView.swift; sourceTree = "<group>"; };
		D594B0BC2B87EDDD00C11067 /* ChatView.swift */ = {isa = PBXFileReference; fileEncoding = 4; lastKnownFileType = sourcecode.swift; path = ChatView.swift; sourceTree = "<group>"; };
		D594B0BF2B87EDDD00C11067 /* SplashView.swift */ = {isa = PBXFileReference; fileEncoding = 4; lastKnownFileType = sourcecode.swift; path = SplashView.swift; sourceTree = "<group>"; };
		D594B0C22B87EDDD00C11067 /* HomeView.swift */ = {isa = PBXFileReference; fileEncoding = 4; lastKnownFileType = sourcecode.swift; path = HomeView.swift; sourceTree = "<group>"; };
		D594B0C72B87EDDD00C11067 /* ProfileView.swift */ = {isa = PBXFileReference; fileEncoding = 4; lastKnownFileType = sourcecode.swift; path = ProfileView.swift; sourceTree = "<group>"; };
		D594B0C82B87EDDD00C11067 /* SharedWebView.swift */ = {isa = PBXFileReference; fileEncoding = 4; lastKnownFileType = sourcecode.swift; path = SharedWebView.swift; sourceTree = "<group>"; };
		D594B0C92B87EDDD00C11067 /* WebView.swift */ = {isa = PBXFileReference; fileEncoding = 4; lastKnownFileType = sourcecode.swift; path = WebView.swift; sourceTree = "<group>"; };
		D594B0CB2B87EDDD00C11067 /* ChatHistoryCard.swift */ = {isa = PBXFileReference; fileEncoding = 4; lastKnownFileType = sourcecode.swift; path = ChatHistoryCard.swift; sourceTree = "<group>"; };
		D594B0CC2B87EDDD00C11067 /* ChatHistoryView.swift */ = {isa = PBXFileReference; fileEncoding = 4; lastKnownFileType = sourcecode.swift; path = ChatHistoryView.swift; sourceTree = "<group>"; };
		D594B0CE2B87EDDD00C11067 /* PaywallView.swift */ = {isa = PBXFileReference; fileEncoding = 4; lastKnownFileType = sourcecode.swift; path = PaywallView.swift; sourceTree = "<group>"; };
		D594B0D32B87EDDD00C11067 /* OpenAIService.swift */ = {isa = PBXFileReference; fileEncoding = 4; lastKnownFileType = sourcecode.swift; path = OpenAIService.swift; sourceTree = "<group>"; };
		D594B0D52B87EDDD00C11067 /* BaseActions.swift */ = {isa = PBXFileReference; fileEncoding = 4; lastKnownFileType = sourcecode.swift; path = BaseActions.swift; sourceTree = "<group>"; };
		D594B0D62B87EDDD00C11067 /* APIServiceEndpoint.swift */ = {isa = PBXFileReference; fileEncoding = 4; lastKnownFileType = sourcecode.swift; path = APIServiceEndpoint.swift; sourceTree = "<group>"; };
		D594B0D82B87EDDD00C11067 /* BaseService.swift */ = {isa = PBXFileReference; fileEncoding = 4; lastKnownFileType = sourcecode.swift; path = BaseService.swift; sourceTree = "<group>"; };
		D594B0DC2B87EDDD00C11067 /* Utilities.swift */ = {isa = PBXFileReference; fileEncoding = 4; lastKnownFileType = sourcecode.swift; path = Utilities.swift; sourceTree = "<group>"; };
		D594B0DE2B87EDDD00C11067 /* Enums.swift */ = {isa = PBXFileReference; fileEncoding = 4; lastKnownFileType = sourcecode.swift; path = Enums.swift; sourceTree = "<group>"; };
		D594B0E02B87EDDD00C11067 /* UnderlinedTextField.swift */ = {isa = PBXFileReference; fileEncoding = 4; lastKnownFileType = sourcecode.swift; path = UnderlinedTextField.swift; sourceTree = "<group>"; };
		D594B0E12B87EDDD00C11067 /* ColorExtension.swift */ = {isa = PBXFileReference; fileEncoding = 4; lastKnownFileType = sourcecode.swift; path = ColorExtension.swift; sourceTree = "<group>"; };
		D594B0E22B87EDDD00C11067 /* UserDefaults.swift */ = {isa = PBXFileReference; fileEncoding = 4; lastKnownFileType = sourcecode.swift; path = UserDefaults.swift; sourceTree = "<group>"; };
		D594B0E82B87EDDD00C11067 /* PopupView.swift */ = {isa = PBXFileReference; fileEncoding = 4; lastKnownFileType = sourcecode.swift; path = PopupView.swift; sourceTree = "<group>"; };
		D594B0E92B87EDDD00C11067 /* CustomBackButton.swift */ = {isa = PBXFileReference; fileEncoding = 4; lastKnownFileType = sourcecode.swift; path = CustomBackButton.swift; sourceTree = "<group>"; };
		D594B0EA2B87EDDD00C11067 /* DividerWithLabel.swift */ = {isa = PBXFileReference; fileEncoding = 4; lastKnownFileType = sourcecode.swift; path = DividerWithLabel.swift; sourceTree = "<group>"; };
		D594B0EB2B87EDDD00C11067 /* LoadingView.swift */ = {isa = PBXFileReference; fileEncoding = 4; lastKnownFileType = sourcecode.swift; path = LoadingView.swift; sourceTree = "<group>"; };
		D594B0ED2B87EDDD00C11067 /* UserViewModel.swift */ = {isa = PBXFileReference; fileEncoding = 4; lastKnownFileType = sourcecode.swift; path = UserViewModel.swift; sourceTree = "<group>"; };
		D594B0EF2B87EDDD00C11067 /* ChatVM.swift */ = {isa = PBXFileReference; fileEncoding = 4; lastKnownFileType = sourcecode.swift; path = ChatVM.swift; sourceTree = "<group>"; };
		D594B0F42B87EDDD00C11067 /* ProfileVM.swift */ = {isa = PBXFileReference; fileEncoding = 4; lastKnownFileType = sourcecode.swift; path = ProfileVM.swift; sourceTree = "<group>"; };
		D594B0F62B87EDDD00C11067 /* Urbanist-Bold.ttf */ = {isa = PBXFileReference; lastKnownFileType = file; path = "Urbanist-Bold.ttf"; sourceTree = "<group>"; };
		D594B0F72B87EDDD00C11067 /* Urbanist-Regular.ttf */ = {isa = PBXFileReference; lastKnownFileType = file; path = "Urbanist-Regular.ttf"; sourceTree = "<group>"; };
		D594B0F82B87EDDD00C11067 /* Urbanist-LightItalic.ttf */ = {isa = PBXFileReference; lastKnownFileType = file; path = "Urbanist-LightItalic.ttf"; sourceTree = "<group>"; };
		D594B0F92B87EDDD00C11067 /* Urbanist-ExtraLightItalic.ttf */ = {isa = PBXFileReference; lastKnownFileType = file; path = "Urbanist-ExtraLightItalic.ttf"; sourceTree = "<group>"; };
		D594B0FA2B87EDDD00C11067 /* Urbanist-ExtraBoldItalic.ttf */ = {isa = PBXFileReference; lastKnownFileType = file; path = "Urbanist-ExtraBoldItalic.ttf"; sourceTree = "<group>"; };
		D594B0FB2B87EDDD00C11067 /* Urbanist-Thin.ttf */ = {isa = PBXFileReference; lastKnownFileType = file; path = "Urbanist-Thin.ttf"; sourceTree = "<group>"; };
		D594B0FC2B87EDDD00C11067 /* Urbanist-MediumItalic.ttf */ = {isa = PBXFileReference; lastKnownFileType = file; path = "Urbanist-MediumItalic.ttf"; sourceTree = "<group>"; };
		D594B0FD2B87EDDD00C11067 /* Urbanist-SemiBold.ttf */ = {isa = PBXFileReference; lastKnownFileType = file; path = "Urbanist-SemiBold.ttf"; sourceTree = "<group>"; };
		D594B0FE2B87EDDD00C11067 /* Urbanist-Italic.ttf */ = {isa = PBXFileReference; lastKnownFileType = file; path = "Urbanist-Italic.ttf"; sourceTree = "<group>"; };
		D594B0FF2B87EDDD00C11067 /* Urbanist-Black.ttf */ = {isa = PBXFileReference; lastKnownFileType = file; path = "Urbanist-Black.ttf"; sourceTree = "<group>"; };
		D594B1002B87EDDD00C11067 /* Urbanist-BlackItalic.ttf */ = {isa = PBXFileReference; lastKnownFileType = file; path = "Urbanist-BlackItalic.ttf"; sourceTree = "<group>"; };
		D594B1012B87EDDD00C11067 /* Urbanist-Light.ttf */ = {isa = PBXFileReference; lastKnownFileType = file; path = "Urbanist-Light.ttf"; sourceTree = "<group>"; };
		D594B1022B87EDDD00C11067 /* Urbanist-SemiBoldItalic.ttf */ = {isa = PBXFileReference; lastKnownFileType = file; path = "Urbanist-SemiBoldItalic.ttf"; sourceTree = "<group>"; };
		D594B1032B87EDDD00C11067 /* Urbanist-BoldItalic.ttf */ = {isa = PBXFileReference; lastKnownFileType = file; path = "Urbanist-BoldItalic.ttf"; sourceTree = "<group>"; };
		D594B1042B87EDDD00C11067 /* Urbanist-ExtraBold.ttf */ = {isa = PBXFileReference; lastKnownFileType = file; path = "Urbanist-ExtraBold.ttf"; sourceTree = "<group>"; };
		D594B1052B87EDDD00C11067 /* Urbanist-Medium.ttf */ = {isa = PBXFileReference; lastKnownFileType = file; path = "Urbanist-Medium.ttf"; sourceTree = "<group>"; };
		D594B1062B87EDDD00C11067 /* Urbanist-ExtraLight.ttf */ = {isa = PBXFileReference; lastKnownFileType = file; path = "Urbanist-ExtraLight.ttf"; sourceTree = "<group>"; };
		D594B1072B87EDDD00C11067 /* Urbanist-ThinItalic.ttf */ = {isa = PBXFileReference; lastKnownFileType = file; path = "Urbanist-ThinItalic.ttf"; sourceTree = "<group>"; };
		D594B1512B87EED500C11067 /* Info.plist */ = {isa = PBXFileReference; lastKnownFileType = text.plist; path = Info.plist; sourceTree = "<group>"; };
		D594B1522B87F1DA00C11067 /* CalendarWidget.swift */ = {isa = PBXFileReference; lastKnownFileType = sourcecode.swift; path = CalendarWidget.swift; sourceTree = "<group>"; };
		D594B1542B87F3B100C11067 /* HorizonCalendarWrapper.swift */ = {isa = PBXFileReference; lastKnownFileType = sourcecode.swift; path = HorizonCalendarWrapper.swift; sourceTree = "<group>"; };
		D5AD63212BB1BF08002ECFD0 /* DreamInterpreterView.swift */ = {isa = PBXFileReference; lastKnownFileType = sourcecode.swift; path = DreamInterpreterView.swift; sourceTree = "<group>"; };
		D5ED9E322B9FB0C40085AC9A /* ChatHistoryVM.swift */ = {isa = PBXFileReference; lastKnownFileType = sourcecode.swift; path = ChatHistoryVM.swift; sourceTree = "<group>"; };
/* End PBXFileReference section */

/* Begin PBXFrameworksBuildPhase section */
		D594B0992B87E62E00C11067 /* Frameworks */ = {
			isa = PBXFrameworksBuildPhase;
			buildActionMask = 2147483647;
			files = (
				CE5F95E2F4DBFAA86C972FBF /* Pods_DreamsApp.framework in Frameworks */,
				D5AD633B2BB23933002ECFD0 /* OpenAIKit in Frameworks */,
			);
			runOnlyForDeploymentPostprocessing = 0;
		};
/* End PBXFrameworksBuildPhase section */

/* Begin PBXGroup section */
		0B42419B2C85C1D34940F518 /* Frameworks */ = {
			isa = PBXGroup;
			children = (
				368D50D528EE1CDB345C296E /* Pods_DreamsApp.framework */,
			);
			name = Frameworks;
			sourceTree = "<group>";
		};
		B7570BB2BD5895BAF54E42BE /* Pods */ = {
			isa = PBXGroup;
			children = (
				833B9185A7EBFD7C3A28DF5F /* Pods-DreamsApp.debug.xcconfig */,
				0EE135FF85E432D3495B955B /* Pods-DreamsApp.release.xcconfig */,
			);
			path = Pods;
			sourceTree = "<group>";
		};
		D51AC8822B8DEBA200F6D3FB /* ChatUI */ = {
			isa = PBXGroup;
			children = (
				D594B0BC2B87EDDD00C11067 /* ChatView.swift */,
				D51AC8832B8DEC1600F6D3FB /* ChatListView.swift */,
				D51AC8852B8DECA500F6D3FB /* MessageView.swift */,
				D51AC8872B8DECFB00F6D3FB /* BottomView.swift */,
				D51AC8892B8DED2700F6D3FB /* ChatNotStartedView.swift */,
				D5AD63212BB1BF08002ECFD0 /* DreamInterpreterView.swift */,
			);
			path = ChatUI;
			sourceTree = "<group>";
		};
		D594B0932B87E62D00C11067 = {
			isa = PBXGroup;
			children = (
				D594B09E2B87E62E00C11067 /* DreamsApp */,
				D594B09D2B87E62E00C11067 /* Products */,
				B7570BB2BD5895BAF54E42BE /* Pods */,
				0B42419B2C85C1D34940F518 /* Frameworks */,
			);
			sourceTree = "<group>";
		};
		D594B09D2B87E62E00C11067 /* Products */ = {
			isa = PBXGroup;
			children = (
				D594B09C2B87E62E00C11067 /* DreamsApp.app */,
			);
			name = Products;
			sourceTree = "<group>";
		};
		D594B09E2B87E62E00C11067 /* DreamsApp */ = {
			isa = PBXGroup;
			children = (
				D53ED0762B9CAA9900334348 /* DreamsApp.entitlements */,
				D51AC88B2B8F222000F6D3FB /* GoogleService-Info.plist */,
				D594B1512B87EED500C11067 /* Info.plist */,
				D594B0F52B87EDDD00C11067 /* Fonts */,
				D594B0AD2B87EDDD00C11067 /* Models */,
				D594B0D42B87EDDD00C11067 /* Networking */,
				D594B0D22B87EDDD00C11067 /* Service */,
				D594B0DA2B87EDDD00C11067 /* Utils */,
				D594B0EC2B87EDDD00C11067 /* ViewModels */,
				D594B0B52B87EDDD00C11067 /* Views */,
				D594B09F2B87E62E00C11067 /* DreamsAppApp.swift */,
				D594B0A12B87E62E00C11067 /* ContentView.swift */,
				D594B0A32B87E62E00C11067 /* Assets.xcassets */,
				D594B0A52B87E62E00C11067 /* Preview Content */,
			);
			path = DreamsApp;
			sourceTree = "<group>";
		};
		D594B0A52B87E62E00C11067 /* Preview Content */ = {
			isa = PBXGroup;
			children = (
				D594B0A62B87E62E00C11067 /* Preview Assets.xcassets */,
			);
			path = "Preview Content";
			sourceTree = "<group>";
		};
		D594B0AD2B87EDDD00C11067 /* Models */ = {
			isa = PBXGroup;
			children = (
				D594B0AE2B87EDDD00C11067 /* ResponseModel.swift */,
				D594B0B02B87EDDD00C11067 /* ChatModel.swift */,
			);
			path = Models;
			sourceTree = SOURCE_ROOT;
		};
		D594B0B52B87EDDD00C11067 /* Views */ = {
			isa = PBXGroup;
			children = (
				D51AC8822B8DEBA200F6D3FB /* ChatUI */,
				D594B0CE2B87EDDD00C11067 /* PaywallView.swift */,
				D594B0C82B87EDDD00C11067 /* SharedWebView.swift */,
				D594B0C72B87EDDD00C11067 /* ProfileView.swift */,
				D594B0CC2B87EDDD00C11067 /* ChatHistoryView.swift */,
				D594B0BB2B87EDDD00C11067 /* StartChatView.swift */,
				D594B0C22B87EDDD00C11067 /* HomeView.swift */,
				D594B0BF2B87EDDD00C11067 /* SplashView.swift */,
				D53ED0772B9CAB6100334348 /* LoginView.swift */,
			);
			path = Views;
			sourceTree = SOURCE_ROOT;
		};
		D594B0D22B87EDDD00C11067 /* Service */ = {
			isa = PBXGroup;
			children = (
				D594B0D32B87EDDD00C11067 /* OpenAIService.swift */,
			);
			path = Service;
			sourceTree = SOURCE_ROOT;
		};
		D594B0D42B87EDDD00C11067 /* Networking */ = {
			isa = PBXGroup;
			children = (
				D594B0D52B87EDDD00C11067 /* BaseActions.swift */,
				D594B0D62B87EDDD00C11067 /* APIServiceEndpoint.swift */,
				D594B0D82B87EDDD00C11067 /* BaseService.swift */,
			);
			path = Networking;
			sourceTree = SOURCE_ROOT;
		};
		D594B0DA2B87EDDD00C11067 /* Utils */ = {
			isa = PBXGroup;
			children = (
				D594B0DC2B87EDDD00C11067 /* Utilities.swift */,
				D594B0DE2B87EDDD00C11067 /* Enums.swift */,
				D594B0DF2B87EDDD00C11067 /* Extensions */,
				D594B0E32B87EDDD00C11067 /* Widgets */,
				D56CCE952BA85FBA00889AEA /* SessionManager.swift */,
			);
			path = Utils;
			sourceTree = SOURCE_ROOT;
		};
		D594B0DF2B87EDDD00C11067 /* Extensions */ = {
			isa = PBXGroup;
			children = (
				D594B0E02B87EDDD00C11067 /* UnderlinedTextField.swift */,
				D594B0E12B87EDDD00C11067 /* ColorExtension.swift */,
				D594B0E22B87EDDD00C11067 /* UserDefaults.swift */,
				D594B1542B87F3B100C11067 /* HorizonCalendarWrapper.swift */,
			);
			path = Extensions;
			sourceTree = "<group>";
		};
		D594B0E32B87EDDD00C11067 /* Widgets */ = {
			isa = PBXGroup;
			children = (
				D594B0C92B87EDDD00C11067 /* WebView.swift */,
				D594B0E82B87EDDD00C11067 /* PopupView.swift */,
				D594B0E92B87EDDD00C11067 /* CustomBackButton.swift */,
				D594B0EA2B87EDDD00C11067 /* DividerWithLabel.swift */,
				D594B0EB2B87EDDD00C11067 /* LoadingView.swift */,
				D594B1522B87F1DA00C11067 /* CalendarWidget.swift */,
				D594B0B82B87EDDD00C11067 /* ContentMessageView.swift */,
				D594B0CB2B87EDDD00C11067 /* ChatHistoryCard.swift */,
			);
			path = Widgets;
			sourceTree = "<group>";
		};
		D594B0EC2B87EDDD00C11067 /* ViewModels */ = {
			isa = PBXGroup;
			children = (
				D594B0ED2B87EDDD00C11067 /* UserViewModel.swift */,
				D594B0EF2B87EDDD00C11067 /* ChatVM.swift */,
				D594B0F42B87EDDD00C11067 /* ProfileVM.swift */,
				D53ED0792B9CAD3C00334348 /* LoginVM.swift */,
				D5ED9E322B9FB0C40085AC9A /* ChatHistoryVM.swift */,
			);
			path = ViewModels;
			sourceTree = SOURCE_ROOT;
		};
		D594B0F52B87EDDD00C11067 /* Fonts */ = {
			isa = PBXGroup;
			children = (
				D594B0F62B87EDDD00C11067 /* Urbanist-Bold.ttf */,
				D594B0F72B87EDDD00C11067 /* Urbanist-Regular.ttf */,
				D594B0F82B87EDDD00C11067 /* Urbanist-LightItalic.ttf */,
				D594B0F92B87EDDD00C11067 /* Urbanist-ExtraLightItalic.ttf */,
				D594B0FA2B87EDDD00C11067 /* Urbanist-ExtraBoldItalic.ttf */,
				D594B0FB2B87EDDD00C11067 /* Urbanist-Thin.ttf */,
				D594B0FC2B87EDDD00C11067 /* Urbanist-MediumItalic.ttf */,
				D594B0FD2B87EDDD00C11067 /* Urbanist-SemiBold.ttf */,
				D594B0FE2B87EDDD00C11067 /* Urbanist-Italic.ttf */,
				D594B0FF2B87EDDD00C11067 /* Urbanist-Black.ttf */,
				D594B1002B87EDDD00C11067 /* Urbanist-BlackItalic.ttf */,
				D594B1012B87EDDD00C11067 /* Urbanist-Light.ttf */,
				D594B1022B87EDDD00C11067 /* Urbanist-SemiBoldItalic.ttf */,
				D594B1032B87EDDD00C11067 /* Urbanist-BoldItalic.ttf */,
				D594B1042B87EDDD00C11067 /* Urbanist-ExtraBold.ttf */,
				D594B1052B87EDDD00C11067 /* Urbanist-Medium.ttf */,
				D594B1062B87EDDD00C11067 /* Urbanist-ExtraLight.ttf */,
				D594B1072B87EDDD00C11067 /* Urbanist-ThinItalic.ttf */,
			);
			path = Fonts;
			sourceTree = SOURCE_ROOT;
		};
/* End PBXGroup section */

/* Begin PBXNativeTarget section */
		D594B09B2B87E62E00C11067 /* DreamsApp */ = {
			isa = PBXNativeTarget;
			buildConfigurationList = D594B0AA2B87E62E00C11067 /* Build configuration list for PBXNativeTarget "DreamsApp" */;
			buildPhases = (
				8DB947987657FF151317BC23 /* [CP] Check Pods Manifest.lock */,
				D594B0982B87E62E00C11067 /* Sources */,
				D594B0992B87E62E00C11067 /* Frameworks */,
				D594B09A2B87E62E00C11067 /* Resources */,
				53F0999603FA4F2C2FD6486B /* [CP] Embed Pods Frameworks */,
			);
			buildRules = (
			);
			dependencies = (
			);
			name = DreamsApp;
			packageProductDependencies = (
				D5AD633A2BB23933002ECFD0 /* OpenAIKit */,
			);
			productName = DreamsApp;
			productReference = D594B09C2B87E62E00C11067 /* DreamsApp.app */;
			productType = "com.apple.product-type.application";
		};
/* End PBXNativeTarget section */

/* Begin PBXProject section */
		D594B0942B87E62D00C11067 /* Project object */ = {
			isa = PBXProject;
			attributes = {
				BuildIndependentTargetsInParallel = 1;
				LastSwiftUpdateCheck = 1500;
				LastUpgradeCheck = 1500;
				TargetAttributes = {
					D594B09B2B87E62E00C11067 = {
						CreatedOnToolsVersion = 15.0;
					};
				};
			};
			buildConfigurationList = D594B0972B87E62D00C11067 /* Build configuration list for PBXProject "DreamsApp" */;
			compatibilityVersion = "Xcode 14.0";
			developmentRegion = en;
			hasScannedForEncodings = 0;
			knownRegions = (
				en,
				Base,
			);
			mainGroup = D594B0932B87E62D00C11067;
			packageReferences = (
				D5AD63392BB23933002ECFD0 /* XCRemoteSwiftPackageReference "OpenAIKit" */,
			);
			productRefGroup = D594B09D2B87E62E00C11067 /* Products */;
			projectDirPath = "";
			projectRoot = "";
			targets = (
				D594B09B2B87E62E00C11067 /* DreamsApp */,
			);
		};
/* End PBXProject section */

/* Begin PBXResourcesBuildPhase section */
		D594B09A2B87E62E00C11067 /* Resources */ = {
			isa = PBXResourcesBuildPhase;
			buildActionMask = 2147483647;
			files = (
				D594B1482B87EDDD00C11067 /* Urbanist-Black.ttf in Resources */,
				D594B14E2B87EDDD00C11067 /* Urbanist-Medium.ttf in Resources */,
				D594B1422B87EDDD00C11067 /* Urbanist-ExtraLightItalic.ttf in Resources */,
				D594B1492B87EDDD00C11067 /* Urbanist-BlackItalic.ttf in Resources */,
				D594B13F2B87EDDD00C11067 /* Urbanist-Bold.ttf in Resources */,
				D594B0A72B87E62E00C11067 /* Preview Assets.xcassets in Resources */,
				D594B1412B87EDDD00C11067 /* Urbanist-LightItalic.ttf in Resources */,
				D594B0A42B87E62E00C11067 /* Assets.xcassets in Resources */,
				D594B1462B87EDDD00C11067 /* Urbanist-SemiBold.ttf in Resources */,
				D594B1452B87EDDD00C11067 /* Urbanist-MediumItalic.ttf in Resources */,
				D594B14A2B87EDDD00C11067 /* Urbanist-Light.ttf in Resources */,
				D594B1472B87EDDD00C11067 /* Urbanist-Italic.ttf in Resources */,
				D594B1442B87EDDD00C11067 /* Urbanist-Thin.ttf in Resources */,
				D594B1502B87EDDD00C11067 /* Urbanist-ThinItalic.ttf in Resources */,
				D594B1432B87EDDD00C11067 /* Urbanist-ExtraBoldItalic.ttf in Resources */,
				D594B14B2B87EDDD00C11067 /* Urbanist-SemiBoldItalic.ttf in Resources */,
				D594B1402B87EDDD00C11067 /* Urbanist-Regular.ttf in Resources */,
				D594B14F2B87EDDD00C11067 /* Urbanist-ExtraLight.ttf in Resources */,
				D594B14C2B87EDDD00C11067 /* Urbanist-BoldItalic.ttf in Resources */,
				D594B14D2B87EDDD00C11067 /* Urbanist-ExtraBold.ttf in Resources */,
				D51AC88C2B8F222000F6D3FB /* GoogleService-Info.plist in Resources */,
			);
			runOnlyForDeploymentPostprocessing = 0;
		};
/* End PBXResourcesBuildPhase section */

/* Begin PBXShellScriptBuildPhase section */
		53F0999603FA4F2C2FD6486B /* [CP] Embed Pods Frameworks */ = {
			isa = PBXShellScriptBuildPhase;
			buildActionMask = 2147483647;
			files = (
			);
			inputFileListPaths = (
				"${PODS_ROOT}/Target Support Files/Pods-DreamsApp/Pods-DreamsApp-frameworks-${CONFIGURATION}-input-files.xcfilelist",
			);
			name = "[CP] Embed Pods Frameworks";
			outputFileListPaths = (
				"${PODS_ROOT}/Target Support Files/Pods-DreamsApp/Pods-DreamsApp-frameworks-${CONFIGURATION}-output-files.xcfilelist",
			);
			runOnlyForDeploymentPostprocessing = 0;
			shellPath = /bin/sh;
			shellScript = "\"${PODS_ROOT}/Target Support Files/Pods-DreamsApp/Pods-DreamsApp-frameworks.sh\"\n";
			showEnvVarsInLog = 0;
		};
		8DB947987657FF151317BC23 /* [CP] Check Pods Manifest.lock */ = {
			isa = PBXShellScriptBuildPhase;
			buildActionMask = 2147483647;
			files = (
			);
			inputFileListPaths = (
			);
			inputPaths = (
				"${PODS_PODFILE_DIR_PATH}/Podfile.lock",
				"${PODS_ROOT}/Manifest.lock",
			);
			name = "[CP] Check Pods Manifest.lock";
			outputFileListPaths = (
			);
			outputPaths = (
				"$(DERIVED_FILE_DIR)/Pods-DreamsApp-checkManifestLockResult.txt",
			);
			runOnlyForDeploymentPostprocessing = 0;
			shellPath = /bin/sh;
			shellScript = "diff \"${PODS_PODFILE_DIR_PATH}/Podfile.lock\" \"${PODS_ROOT}/Manifest.lock\" > /dev/null\nif [ $? != 0 ] ; then\n    # print error to STDERR\n    echo \"error: The sandbox is not in sync with the Podfile.lock. Run 'pod install' or update your CocoaPods installation.\" >&2\n    exit 1\nfi\n# This output is used by Xcode 'outputs' to avoid re-running this script phase.\necho \"SUCCESS\" > \"${SCRIPT_OUTPUT_FILE_0}\"\n";
			showEnvVarsInLog = 0;
		};
/* End PBXShellScriptBuildPhase section */

/* Begin PBXSourcesBuildPhase section */
		D594B0982B87E62E00C11067 /* Sources */ = {
			isa = PBXSourcesBuildPhase;
			buildActionMask = 2147483647;
			files = (
				D594B1152B87EDDD00C11067 /* SplashView.swift in Sources */,
				D594B10A2B87EDDD00C11067 /* ChatModel.swift in Sources */,
				D594B1122B87EDDD00C11067 /* StartChatView.swift in Sources */,
				D594B12C2B87EDDD00C11067 /* UnderlinedTextField.swift in Sources */,
				D594B1392B87EDDD00C11067 /* ChatVM.swift in Sources */,
				D594B11C2B87EDDD00C11067 /* SharedWebView.swift in Sources */,
				D594B11D2B87EDDD00C11067 /* WebView.swift in Sources */,
				D594B1362B87EDDD00C11067 /* LoadingView.swift in Sources */,
				D51AC8842B8DEC1600F6D3FB /* ChatListView.swift in Sources */,
				D594B1552B87F3B100C11067 /* HorizonCalendarWrapper.swift in Sources */,
				D594B1242B87EDDD00C11067 /* BaseActions.swift in Sources */,
				D51AC8862B8DECA500F6D3FB /* MessageView.swift in Sources */,
				D594B1202B87EDDD00C11067 /* PaywallView.swift in Sources */,
				D51AC8882B8DECFB00F6D3FB /* BottomView.swift in Sources */,
				D53ED07A2B9CAD3C00334348 /* LoginVM.swift in Sources */,
				D594B1272B87EDDD00C11067 /* BaseService.swift in Sources */,
				D594B1132B87EDDD00C11067 /* ChatView.swift in Sources */,
				D53ED0782B9CAB6100334348 /* LoginView.swift in Sources */,
				D594B12E2B87EDDD00C11067 /* UserDefaults.swift in Sources */,
				D594B1352B87EDDD00C11067 /* DividerWithLabel.swift in Sources */,
				D594B12A2B87EDDD00C11067 /* Utilities.swift in Sources */,
				D594B1372B87EDDD00C11067 /* UserViewModel.swift in Sources */,
				D594B12D2B87EDDD00C11067 /* ColorExtension.swift in Sources */,
				D594B0A22B87E62E00C11067 /* ContentView.swift in Sources */,
				D594B11E2B87EDDD00C11067 /* ChatHistoryCard.swift in Sources */,
				D594B1232B87EDDD00C11067 /* OpenAIService.swift in Sources */,
				D594B1082B87EDDD00C11067 /* ResponseModel.swift in Sources */,
				D5ED9E332B9FB0C40085AC9A /* ChatHistoryVM.swift in Sources */,
				D594B13E2B87EDDD00C11067 /* ProfileVM.swift in Sources */,
				D5AD63222BB1BF09002ECFD0 /* DreamInterpreterView.swift in Sources */,
				D594B1342B87EDDD00C11067 /* CustomBackButton.swift in Sources */,
				D594B10F2B87EDDD00C11067 /* ContentMessageView.swift in Sources */,
				D56CCE962BA85FBA00889AEA /* SessionManager.swift in Sources */,
				D594B11F2B87EDDD00C11067 /* ChatHistoryView.swift in Sources */,
				D594B0A02B87E62E00C11067 /* DreamsAppApp.swift in Sources */,
				D594B11B2B87EDDD00C11067 /* ProfileView.swift in Sources */,
				D594B12B2B87EDDD00C11067 /* Enums.swift in Sources */,
				D594B1182B87EDDD00C11067 /* HomeView.swift in Sources */,
				D594B1532B87F1DA00C11067 /* CalendarWidget.swift in Sources */,
				D51AC88A2B8DED2700F6D3FB /* ChatNotStartedView.swift in Sources */,
				D594B1252B87EDDD00C11067 /* APIServiceEndpoint.swift in Sources */,
				D594B1332B87EDDD00C11067 /* PopupView.swift in Sources */,
			);
			runOnlyForDeploymentPostprocessing = 0;
		};
/* End PBXSourcesBuildPhase section */

/* Begin XCBuildConfiguration section */
		D594B0A82B87E62E00C11067 /* Debug */ = {
			isa = XCBuildConfiguration;
			buildSettings = {
				ALWAYS_SEARCH_USER_PATHS = NO;
				ASSETCATALOG_COMPILER_GENERATE_SWIFT_ASSET_SYMBOL_EXTENSIONS = YES;
				CLANG_ANALYZER_NONNULL = YES;
				CLANG_ANALYZER_NUMBER_OBJECT_CONVERSION = YES_AGGRESSIVE;
				CLANG_CXX_LANGUAGE_STANDARD = "gnu++20";
				CLANG_ENABLE_MODULES = YES;
				CLANG_ENABLE_OBJC_ARC = YES;
				CLANG_ENABLE_OBJC_WEAK = YES;
				CLANG_WARN_BLOCK_CAPTURE_AUTORELEASING = YES;
				CLANG_WARN_BOOL_CONVERSION = YES;
				CLANG_WARN_COMMA = YES;
				CLANG_WARN_CONSTANT_CONVERSION = YES;
				CLANG_WARN_DEPRECATED_OBJC_IMPLEMENTATIONS = YES;
				CLANG_WARN_DIRECT_OBJC_ISA_USAGE = YES_ERROR;
				CLANG_WARN_DOCUMENTATION_COMMENTS = YES;
				CLANG_WARN_EMPTY_BODY = YES;
				CLANG_WARN_ENUM_CONVERSION = YES;
				CLANG_WARN_INFINITE_RECURSION = YES;
				CLANG_WARN_INT_CONVERSION = YES;
				CLANG_WARN_NON_LITERAL_NULL_CONVERSION = YES;
				CLANG_WARN_OBJC_IMPLICIT_RETAIN_SELF = YES;
				CLANG_WARN_OBJC_LITERAL_CONVERSION = YES;
				CLANG_WARN_OBJC_ROOT_CLASS = YES_ERROR;
				CLANG_WARN_QUOTED_INCLUDE_IN_FRAMEWORK_HEADER = YES;
				CLANG_WARN_RANGE_LOOP_ANALYSIS = YES;
				CLANG_WARN_STRICT_PROTOTYPES = YES;
				CLANG_WARN_SUSPICIOUS_MOVE = YES;
				CLANG_WARN_UNGUARDED_AVAILABILITY = YES_AGGRESSIVE;
				CLANG_WARN_UNREACHABLE_CODE = YES;
				CLANG_WARN__DUPLICATE_METHOD_MATCH = YES;
				COPY_PHASE_STRIP = NO;
				DEBUG_INFORMATION_FORMAT = dwarf;
				ENABLE_STRICT_OBJC_MSGSEND = YES;
				ENABLE_TESTABILITY = YES;
				ENABLE_USER_SCRIPT_SANDBOXING = YES;
				GCC_C_LANGUAGE_STANDARD = gnu17;
				GCC_DYNAMIC_NO_PIC = NO;
				GCC_NO_COMMON_BLOCKS = YES;
				GCC_OPTIMIZATION_LEVEL = 0;
				GCC_PREPROCESSOR_DEFINITIONS = (
					"DEBUG=1",
					"$(inherited)",
				);
				GCC_WARN_64_TO_32_BIT_CONVERSION = YES;
				GCC_WARN_ABOUT_RETURN_TYPE = YES_ERROR;
				GCC_WARN_UNDECLARED_SELECTOR = YES;
				GCC_WARN_UNINITIALIZED_AUTOS = YES_AGGRESSIVE;
				GCC_WARN_UNUSED_FUNCTION = YES;
				GCC_WARN_UNUSED_VARIABLE = YES;
				IPHONEOS_DEPLOYMENT_TARGET = 17.0;
				LOCALIZATION_PREFERS_STRING_CATALOGS = YES;
				MTL_ENABLE_DEBUG_INFO = INCLUDE_SOURCE;
				MTL_FAST_MATH = YES;
				ONLY_ACTIVE_ARCH = YES;
				SDKROOT = iphoneos;
				SWIFT_ACTIVE_COMPILATION_CONDITIONS = "DEBUG $(inherited)";
				SWIFT_OPTIMIZATION_LEVEL = "-Onone";
			};
			name = Debug;
		};
		D594B0A92B87E62E00C11067 /* Release */ = {
			isa = XCBuildConfiguration;
			buildSettings = {
				ALWAYS_SEARCH_USER_PATHS = NO;
				ASSETCATALOG_COMPILER_GENERATE_SWIFT_ASSET_SYMBOL_EXTENSIONS = YES;
				CLANG_ANALYZER_NONNULL = YES;
				CLANG_ANALYZER_NUMBER_OBJECT_CONVERSION = YES_AGGRESSIVE;
				CLANG_CXX_LANGUAGE_STANDARD = "gnu++20";
				CLANG_ENABLE_MODULES = YES;
				CLANG_ENABLE_OBJC_ARC = YES;
				CLANG_ENABLE_OBJC_WEAK = YES;
				CLANG_WARN_BLOCK_CAPTURE_AUTORELEASING = YES;
				CLANG_WARN_BOOL_CONVERSION = YES;
				CLANG_WARN_COMMA = YES;
				CLANG_WARN_CONSTANT_CONVERSION = YES;
				CLANG_WARN_DEPRECATED_OBJC_IMPLEMENTATIONS = YES;
				CLANG_WARN_DIRECT_OBJC_ISA_USAGE = YES_ERROR;
				CLANG_WARN_DOCUMENTATION_COMMENTS = YES;
				CLANG_WARN_EMPTY_BODY = YES;
				CLANG_WARN_ENUM_CONVERSION = YES;
				CLANG_WARN_INFINITE_RECURSION = YES;
				CLANG_WARN_INT_CONVERSION = YES;
				CLANG_WARN_NON_LITERAL_NULL_CONVERSION = YES;
				CLANG_WARN_OBJC_IMPLICIT_RETAIN_SELF = YES;
				CLANG_WARN_OBJC_LITERAL_CONVERSION = YES;
				CLANG_WARN_OBJC_ROOT_CLASS = YES_ERROR;
				CLANG_WARN_QUOTED_INCLUDE_IN_FRAMEWORK_HEADER = YES;
				CLANG_WARN_RANGE_LOOP_ANALYSIS = YES;
				CLANG_WARN_STRICT_PROTOTYPES = YES;
				CLANG_WARN_SUSPICIOUS_MOVE = YES;
				CLANG_WARN_UNGUARDED_AVAILABILITY = YES_AGGRESSIVE;
				CLANG_WARN_UNREACHABLE_CODE = YES;
				CLANG_WARN__DUPLICATE_METHOD_MATCH = YES;
				COPY_PHASE_STRIP = NO;
				DEBUG_INFORMATION_FORMAT = "dwarf-with-dsym";
				ENABLE_NS_ASSERTIONS = NO;
				ENABLE_STRICT_OBJC_MSGSEND = YES;
				ENABLE_USER_SCRIPT_SANDBOXING = YES;
				GCC_C_LANGUAGE_STANDARD = gnu17;
				GCC_NO_COMMON_BLOCKS = YES;
				GCC_WARN_64_TO_32_BIT_CONVERSION = YES;
				GCC_WARN_ABOUT_RETURN_TYPE = YES_ERROR;
				GCC_WARN_UNDECLARED_SELECTOR = YES;
				GCC_WARN_UNINITIALIZED_AUTOS = YES_AGGRESSIVE;
				GCC_WARN_UNUSED_FUNCTION = YES;
				GCC_WARN_UNUSED_VARIABLE = YES;
				IPHONEOS_DEPLOYMENT_TARGET = 17.0;
				LOCALIZATION_PREFERS_STRING_CATALOGS = YES;
				MTL_ENABLE_DEBUG_INFO = NO;
				MTL_FAST_MATH = YES;
				SDKROOT = iphoneos;
				SWIFT_COMPILATION_MODE = wholemodule;
				VALIDATE_PRODUCT = YES;
			};
			name = Release;
		};
		D594B0AB2B87E62E00C11067 /* Debug */ = {
			isa = XCBuildConfiguration;
			baseConfigurationReference = 833B9185A7EBFD7C3A28DF5F /* Pods-DreamsApp.debug.xcconfig */;
			buildSettings = {
				ASSETCATALOG_COMPILER_APPICON_NAME = AppIcon;
				ASSETCATALOG_COMPILER_GLOBAL_ACCENT_COLOR_NAME = AccentColor;
				CODE_SIGN_ENTITLEMENTS = DreamsApp/DreamsApp.entitlements;
				CODE_SIGN_IDENTITY = "Apple Development";
				CODE_SIGN_STYLE = Automatic;
				CURRENT_PROJECT_VERSION = 1;
				DEVELOPMENT_ASSET_PATHS = "\"DreamsApp/Preview Content\"";
				DEVELOPMENT_TEAM = H7J77Z36VS;
				ENABLE_PREVIEWS = YES;
				ENABLE_USER_SCRIPT_SANDBOXING = NO;
				GENERATE_INFOPLIST_FILE = YES;
				INFOPLIST_FILE = DreamsApp/Info.plist;
				INFOPLIST_KEY_CFBundleDisplayName = "AI Dream Interpreter";
				INFOPLIST_KEY_UIApplicationSceneManifest_Generation = YES;
				INFOPLIST_KEY_UIApplicationSupportsIndirectInputEvents = YES;
				INFOPLIST_KEY_UILaunchScreen_Generation = YES;
				INFOPLIST_KEY_UISupportedInterfaceOrientations_iPad = "UIInterfaceOrientationPortrait UIInterfaceOrientationPortraitUpsideDown UIInterfaceOrientationLandscapeLeft UIInterfaceOrientationLandscapeRight";
				INFOPLIST_KEY_UISupportedInterfaceOrientations_iPhone = "UIInterfaceOrientationPortrait UIInterfaceOrientationLandscapeLeft UIInterfaceOrientationLandscapeRight";
				INFOPLIST_KEY_UIUserInterfaceStyle = Light;
				IPHONEOS_DEPLOYMENT_TARGET = 16.0;
				LD_RUNPATH_SEARCH_PATHS = (
					"$(inherited)",
					"@executable_path/Frameworks",
				);
				MARKETING_VERSION = 1.0;
				PRODUCT_BUNDLE_IDENTIFIER = com.thefreelancers.dreamgpt;
				PRODUCT_NAME = "$(TARGET_NAME)";
				PROVISIONING_PROFILE_SPECIFIER = "";
				SWIFT_EMIT_LOC_STRINGS = YES;
				SWIFT_VERSION = 5.0;
				TARGETED_DEVICE_FAMILY = "1,2";
			};
			name = Debug;
		};
		D594B0AC2B87E62E00C11067 /* Release */ = {
			isa = XCBuildConfiguration;
			baseConfigurationReference = 0EE135FF85E432D3495B955B /* Pods-DreamsApp.release.xcconfig */;
			buildSettings = {
				ASSETCATALOG_COMPILER_APPICON_NAME = AppIcon;
				ASSETCATALOG_COMPILER_GLOBAL_ACCENT_COLOR_NAME = AccentColor;
				CODE_SIGN_ENTITLEMENTS = DreamsApp/DreamsApp.entitlements;
				CODE_SIGN_IDENTITY = "Apple Distribution: Damla Yildiztekin (H7J77Z36VS)";
				CODE_SIGN_STYLE = Manual;
				CURRENT_PROJECT_VERSION = 1;
				DEVELOPMENT_ASSET_PATHS = "\"DreamsApp/Preview Content\"";
				DEVELOPMENT_TEAM = "";
				"DEVELOPMENT_TEAM[sdk=iphoneos*]" = H7J77Z36VS;
				ENABLE_PREVIEWS = YES;
				ENABLE_USER_SCRIPT_SANDBOXING = NO;
				GENERATE_INFOPLIST_FILE = YES;
				INFOPLIST_FILE = DreamsApp/Info.plist;
				INFOPLIST_KEY_CFBundleDisplayName = "AI Dream Interpreter";
				INFOPLIST_KEY_UIApplicationSceneManifest_Generation = YES;
				INFOPLIST_KEY_UIApplicationSupportsIndirectInputEvents = YES;
				INFOPLIST_KEY_UILaunchScreen_Generation = YES;
				INFOPLIST_KEY_UISupportedInterfaceOrientations_iPad = "UIInterfaceOrientationPortrait UIInterfaceOrientationPortraitUpsideDown UIInterfaceOrientationLandscapeLeft UIInterfaceOrientationLandscapeRight";
				INFOPLIST_KEY_UISupportedInterfaceOrientations_iPhone = "UIInterfaceOrientationPortrait UIInterfaceOrientationLandscapeLeft UIInterfaceOrientationLandscapeRight";
				INFOPLIST_KEY_UIUserInterfaceStyle = Light;
				IPHONEOS_DEPLOYMENT_TARGET = 16.0;
				LD_RUNPATH_SEARCH_PATHS = (
					"$(inherited)",
					"@executable_path/Frameworks",
				);
				MARKETING_VERSION = 1.0;
				PRODUCT_BUNDLE_IDENTIFIER = com.thefreelancers.dreamgpt;
				PRODUCT_NAME = "$(TARGET_NAME)";
				PROVISIONING_PROFILE_SPECIFIER = "";
				"PROVISIONING_PROFILE_SPECIFIER[sdk=iphoneos*]" = DreamDisProfile;
				SWIFT_EMIT_LOC_STRINGS = YES;
				SWIFT_VERSION = 5.0;
				TARGETED_DEVICE_FAMILY = "1,2";
			};
			name = Release;
		};
/* End XCBuildConfiguration section */

/* Begin XCConfigurationList section */
		D594B0972B87E62D00C11067 /* Build configuration list for PBXProject "DreamsApp" */ = {
			isa = XCConfigurationList;
			buildConfigurations = (
				D594B0A82B87E62E00C11067 /* Debug */,
				D594B0A92B87E62E00C11067 /* Release */,
			);
			defaultConfigurationIsVisible = 0;
			defaultConfigurationName = Release;
		};
		D594B0AA2B87E62E00C11067 /* Build configuration list for PBXNativeTarget "DreamsApp" */ = {
			isa = XCConfigurationList;
			buildConfigurations = (
				D594B0AB2B87E62E00C11067 /* Debug */,
				D594B0AC2B87E62E00C11067 /* Release */,
			);
			defaultConfigurationIsVisible = 0;
			defaultConfigurationName = Release;
		};
/* End XCConfigurationList section */

/* Begin XCRemoteSwiftPackageReference section */
		D5AD63392BB23933002ECFD0 /* XCRemoteSwiftPackageReference "OpenAIKit" */ = {
			isa = XCRemoteSwiftPackageReference;
			repositoryURL = "https://github.com/OpenDive/OpenAIKit";
			requirement = {
				kind = upToNextMajorVersion;
				minimumVersion = 2.0.1;
			};
		};
/* End XCRemoteSwiftPackageReference section */

/* Begin XCSwiftPackageProductDependency section */
		D5AD633A2BB23933002ECFD0 /* OpenAIKit */ = {
			isa = XCSwiftPackageProductDependency;
			package = D5AD63392BB23933002ECFD0 /* XCRemoteSwiftPackageReference "OpenAIKit" */;
			productName = OpenAIKit;
		};
/* End XCSwiftPackageProductDependency section */
	};
	rootObject = D594B0942B87E62D00C11067 /* Project object */;
}
